// !$*UTF8*$!
{
	archiveVersion = 1;
	classes = {
	};
	objectVersion = 46;
	objects = {

/* Begin PBXBuildFile section */
		7FB124E11C15674200D22D6E /* main.m in Sources */ = {isa = PBXBuildFile; fileRef = 7FB124E01C15674200D22D6E /* main.m */; };
		7FB124E41C15674200D22D6E /* AppDelegate.m in Sources */ = {isa = PBXBuildFile; fileRef = 7FB124E31C15674200D22D6E /* AppDelegate.m */; };
		7FB124E71C15674200D22D6E /* ViewController.m in Sources */ = {isa = PBXBuildFile; fileRef = 7FB124E61C15674200D22D6E /* ViewController.m */; };
		7FB124EA1C15674200D22D6E /* Main.storyboard in Resources */ = {isa = PBXBuildFile; fileRef = 7FB124E81C15674200D22D6E /* Main.storyboard */; };
		7FB124EC1C15674200D22D6E /* Images.xcassets in Resources */ = {isa = PBXBuildFile; fileRef = 7FB124EB1C15674200D22D6E /* Images.xcassets */; };
		7FB124EF1C15674200D22D6E /* LaunchScreen.xib in Resources */ = {isa = PBXBuildFile; fileRef = 7FB124ED1C15674200D22D6E /* LaunchScreen.xib */; };
		7FB124FB1C15674200D22D6E /* JianshuMyPageTests.m in Sources */ = {isa = PBXBuildFile; fileRef = 7FB124FA1C15674200D22D6E /* JianshuMyPageTests.m */; };
/* End PBXBuildFile section */

/* Begin PBXContainerItemProxy section */
		7FB124F51C15674200D22D6E /* PBXContainerItemProxy */ = {
			isa = PBXContainerItemProxy;
			containerPortal = 7FB124D31C15674200D22D6E /* Project object */;
			proxyType = 1;
			remoteGlobalIDString = 7FB124DA1C15674200D22D6E;
			remoteInfo = JianshuMyPage;
		};
/* End PBXContainerItemProxy section */

/* Begin PBXFileReference section */
		7FB124DB1C15674200D22D6E /* JianshuMyPage.app */ = {isa = PBXFileReference; explicitFileType = wrapper.application; includeInIndex = 0; path = JianshuMyPage.app; sourceTree = BUILT_PRODUCTS_DIR; };
		7FB124DF1C15674200D22D6E /* Info.plist */ = {isa = PBXFileReference; lastKnownFileType = text.plist.xml; path = Info.plist; sourceTree = "<group>"; };
		7FB124E01C15674200D22D6E /* main.m */ = {isa = PBXFileReference; lastKnownFileType = sourcecode.c.objc; path = main.m; sourceTree = "<group>"; };
		7FB124E21C15674200D22D6E /* AppDelegate.h */ = {isa = PBXFileReference; lastKnownFileType = sourcecode.c.h; path = AppDelegate.h; sourceTree = "<group>"; };
		7FB124E31C15674200D22D6E /* AppDelegate.m */ = {isa = PBXFileReference; lastKnownFileType = sourcecode.c.objc; path = AppDelegate.m; sourceTree = "<group>"; };
		7FB124E51C15674200D22D6E /* ViewController.h */ = {isa = PBXFileReference; lastKnownFileType = sourcecode.c.h; path = ViewController.h; sourceTree = "<group>"; };
		7FB124E61C15674200D22D6E /* ViewController.m */ = {isa = PBXFileReference; lastKnownFileType = sourcecode.c.objc; path = ViewController.m; sourceTree = "<group>"; };
		7FB124E91C15674200D22D6E /* Base */ = {isa = PBXFileReference; lastKnownFileType = file.storyboard; name = Base; path = Base.lproj/Main.storyboard; sourceTree = "<group>"; };
		7FB124EB1C15674200D22D6E /* Images.xcassets */ = {isa = PBXFileReference; lastKnownFileType = folder.assetcatalog; path = Images.xcassets; sourceTree = "<group>"; };
		7FB124EE1C15674200D22D6E /* Base */ = {isa = PBXFileReference; lastKnownFileType = file.xib; name = Base; path = Base.lproj/LaunchScreen.xib; sourceTree = "<group>"; };
		7FB124F41C15674200D22D6E /* JianshuMyPageTests.xctest */ = {isa = PBXFileReference; explicitFileType = wrapper.cfbundle; includeInIndex = 0; path = JianshuMyPageTests.xctest; sourceTree = BUILT_PRODUCTS_DIR; };
		7FB124F91C15674200D22D6E /* Info.plist */ = {isa = PBXFileReference; lastKnownFileType = text.plist.xml; path = Info.plist; sourceTree = "<group>"; };
		7FB124FA1C15674200D22D6E /* JianshuMyPageTests.m */ = {isa = PBXFileReference; lastKnownFileType = sourcecode.c.objc; path = JianshuMyPageTests.m; sourceTree = "<group>"; };
/* End PBXFileReference section */

/* Begin PBXFrameworksBuildPhase section */
		7FB124D81C15674200D22D6E /* Frameworks */ = {
			isa = PBXFrameworksBuildPhase;
			buildActionMask = 2147483647;
			files = (
			);
			runOnlyForDeploymentPostprocessing = 0;
		};
		7FB124F11C15674200D22D6E /* Frameworks */ = {
			isa = PBXFrameworksBuildPhase;
			buildActionMask = 2147483647;
			files = (
			);
			runOnlyForDeploymentPostprocessing = 0;
		};
/* End PBXFrameworksBuildPhase section */

/* Begin PBXGroup section */
		7FB124D21C15674200D22D6E = {
			isa = PBXGroup;
			children = (
				7FB124DD1C15674200D22D6E /* JianshuMyPage */,
				7FB124F71C15674200D22D6E /* JianshuMyPageTests */,
				7FB124DC1C15674200D22D6E /* Products */,
			);
			sourceTree = "<group>";
		};
		7FB124DC1C15674200D22D6E /* Products */ = {
			isa = PBXGroup;
			children = (
				7FB124DB1C15674200D22D6E /* JianshuMyPage.app */,
				7FB124F41C15674200D22D6E /* JianshuMyPageTests.xctest */,
			);
			name = Products;
			sourceTree = "<group>";
		};
		7FB124DD1C15674200D22D6E /* JianshuMyPage */ = {
			isa = PBXGroup;
			children = (
				7FB124E21C15674200D22D6E /* AppDelegate.h */,
				7FB124E31C15674200D22D6E /* AppDelegate.m */,
				7FB124E51C15674200D22D6E /* ViewController.h */,
				7FB124E61C15674200D22D6E /* ViewController.m */,
				7FB124E81C15674200D22D6E /* Main.storyboard */,
				7FB124EB1C15674200D22D6E /* Images.xcassets */,
				7FB124ED1C15674200D22D6E /* LaunchScreen.xib */,
				7FB124DE1C15674200D22D6E /* Supporting Files */,
			);
			path = JianshuMyPage;
			sourceTree = "<group>";
		};
		7FB124DE1C15674200D22D6E /* Supporting Files */ = {
			isa = PBXGroup;
			children = (
				7FB124DF1C15674200D22D6E /* Info.plist */,
				7FB124E01C15674200D22D6E /* main.m */,
			);
			name = "Supporting Files";
			sourceTree = "<group>";
		};
		7FB124F71C15674200D22D6E /* JianshuMyPageTests */ = {
			isa = PBXGroup;
			children = (
				7FB124FA1C15674200D22D6E /* JianshuMyPageTests.m */,
				7FB124F81C15674200D22D6E /* Supporting Files */,
			);
			path = JianshuMyPageTests;
			sourceTree = "<group>";
		};
		7FB124F81C15674200D22D6E /* Supporting Files */ = {
			isa = PBXGroup;
			children = (
				7FB124F91C15674200D22D6E /* Info.plist */,
			);
			name = "Supporting Files";
			sourceTree = "<group>";
		};
/* End PBXGroup section */

/* Begin PBXNativeTarget section */
		7FB124DA1C15674200D22D6E /* JianshuMyPage */ = {
			isa = PBXNativeTarget;
			buildConfigurationList = 7FB124FE1C15674200D22D6E /* Build configuration list for PBXNativeTarget "JianshuMyPage" */;
			buildPhases = (
				7FB124D71C15674200D22D6E /* Sources */,
				7FB124D81C15674200D22D6E /* Frameworks */,
				7FB124D91C15674200D22D6E /* Resources */,
			);
			buildRules = (
			);
			dependencies = (
			);
			name = JianshuMyPage;
			productName = JianshuMyPage;
			productReference = 7FB124DB1C15674200D22D6E /* JianshuMyPage.app */;
			productType = "com.apple.product-type.application";
		};
		7FB124F31C15674200D22D6E /* JianshuMyPageTests */ = {
			isa = PBXNativeTarget;
			buildConfigurationList = 7FB125011C15674200D22D6E /* Build configuration list for PBXNativeTarget "JianshuMyPageTests" */;
			buildPhases = (
				7FB124F01C15674200D22D6E /* Sources */,
				7FB124F11C15674200D22D6E /* Frameworks */,
				7FB124F21C15674200D22D6E /* Resources */,
			);
			buildRules = (
			);
			dependencies = (
				7FB124F61C15674200D22D6E /* PBXTargetDependency */,
			);
			name = JianshuMyPageTests;
			productName = JianshuMyPageTests;
			productReference = 7FB124F41C15674200D22D6E /* JianshuMyPageTests.xctest */;
			productType = "com.apple.product-type.bundle.unit-test";
		};
/* End PBXNativeTarget section */

/* Begin PBXProject section */
		7FB124D31C15674200D22D6E /* Project object */ = {
			isa = PBXProject;
			attributes = {
				LastUpgradeCheck = 0640;
				ORGANIZATIONNAME = "Vera Shi";
				TargetAttributes = {
					7FB124DA1C15674200D22D6E = {
						CreatedOnToolsVersion = 6.4;
					};
					7FB124F31C15674200D22D6E = {
						CreatedOnToolsVersion = 6.4;
						TestTargetID = 7FB124DA1C15674200D22D6E;
					};
				};
			};
			buildConfigurationList = 7FB124D61C15674200D22D6E /* Build configuration list for PBXProject "JianshuMyPage" */;
			compatibilityVersion = "Xcode 3.2";
			developmentRegion = English;
			hasScannedForEncodings = 0;
			knownRegions = (
				en,
				Base,
			);
			mainGroup = 7FB124D21C15674200D22D6E;
			productRefGroup = 7FB124DC1C15674200D22D6E /* Products */;
			projectDirPath = "";
			projectRoot = "";
			targets = (
				7FB124DA1C15674200D22D6E /* JianshuMyPage */,
				7FB124F31C15674200D22D6E /* JianshuMyPageTests */,
			);
		};
/* End PBXProject section */

/* Begin PBXResourcesBuildPhase section */
		7FB124D91C15674200D22D6E /* Resources */ = {
			isa = PBXResourcesBuildPhase;
			buildActionMask = 2147483647;
			files = (
				7FB124EA1C15674200D22D6E /* Main.storyboard in Resources */,
				7FB124EF1C15674200D22D6E /* LaunchScreen.xib in Resources */,
				7FB124EC1C15674200D22D6E /* Images.xcassets in Resources */,
			);
			runOnlyForDeploymentPostprocessing = 0;
		};
		7FB124F21C15674200D22D6E /* Resources */ = {
			isa = PBXResourcesBuildPhase;
			buildActionMask = 2147483647;
			files = (
			);
			runOnlyForDeploymentPostprocessing = 0;
		};
/* End PBXResourcesBuildPhase section */

/* Begin PBXSourcesBuildPhase section */
		7FB124D71C15674200D22D6E /* Sources */ = {
			isa = PBXSourcesBuildPhase;
			buildActionMask = 2147483647;
			files = (
				7FB124E71C15674200D22D6E /* ViewController.m in Sources */,
				7FB124E41C15674200D22D6E /* AppDelegate.m in Sources */,
				7FB124E11C15674200D22D6E /* main.m in Sources */,
			);
			runOnlyForDeploymentPostprocessing = 0;
		};
		7FB124F01C15674200D22D6E /* Sources */ = {
			isa = PBXSourcesBuildPhase;
			buildActionMask = 2147483647;
			files = (
				7FB124FB1C15674200D22D6E /* JianshuMyPageTests.m in Sources */,
			);
			runOnlyForDeploymentPostprocessing = 0;
		};
/* End PBXSourcesBuildPhase section */

/* Begin PBXTargetDependency section */
		7FB124F61C15674200D22D6E /* PBXTargetDependency */ = {
			isa = PBXTargetDependency;
			target = 7FB124DA1C15674200D22D6E /* JianshuMyPage */;
			targetProxy = 7FB124F51C15674200D22D6E /* PBXContainerItemProxy */;
		};
/* End PBXTargetDependency section */

/* Begin PBXVariantGroup section */
		7FB124E81C15674200D22D6E /* Main.storyboard */ = {
			isa = PBXVariantGroup;
			children = (
				7FB124E91C15674200D22D6E /* Base */,
			);
			name = Main.storyboard;
			sourceTree = "<group>";
		};
		7FB124ED1C15674200D22D6E /* LaunchScreen.xib */ = {
			isa = PBXVariantGroup;
			children = (
				7FB124EE1C15674200D22D6E /* Base */,
			);
			name = LaunchScreen.xib;
			sourceTree = "<group>";
		};
/* End PBXVariantGroup section */

/* Begin XCBuildConfiguration section */
		7FB124FC1C15674200D22D6E /* Debug */ = {
			isa = XCBuildConfiguration;
			buildSettings = {
				ALWAYS_SEARCH_USER_PATHS = NO;
				CLANG_CXX_LANGUAGE_STANDARD = "gnu++0x";
				CLANG_CXX_LIBRARY = "libc++";
				CLANG_ENABLE_MODULES = YES;
				CLANG_ENABLE_OBJC_ARC = YES;
				CLANG_WARN_BOOL_CONVERSION = YES;
				CLANG_WARN_CONSTANT_CONVERSION = YES;
				CLANG_WARN_DIRECT_OBJC_ISA_USAGE = YES_ERROR;
				CLANG_WARN_EMPTY_BODY = YES;
				CLANG_WARN_ENUM_CONVERSION = YES;
				CLANG_WARN_INT_CONVERSION = YES;
				CLANG_WARN_OBJC_ROOT_CLASS = YES_ERROR;
				CLANG_WARN_UNREACHABLE_CODE = YES;
				CLANG_WARN__DUPLICATE_METHOD_MATCH = YES;
				"CODE_SIGN_IDENTITY[sdk=iphoneos*]" = "iPhone Developer";
				COPY_PHASE_STRIP = NO;
				DEBUG_INFORMATION_FORMAT = "dwarf-with-dsym";
				ENABLE_STRICT_OBJC_MSGSEND = YES;
				GCC_C_LANGUAGE_STANDARD = gnu99;
				GCC_DYNAMIC_NO_PIC = NO;
				GCC_NO_COMMON_BLOCKS = YES;
				GCC_OPTIMIZATION_LEVEL = 0;
				GCC_PREPROCESSOR_DEFINITIONS = (
					"DEBUG=1",
					"$(inherited)",
				);
				GCC_SYMBOLS_PRIVATE_EXTERN = NO;
				GCC_WARN_64_TO_32_BIT_CONVERSION = YES;
				GCC_WARN_ABOUT_RETURN_TYPE = YES_ERROR;
				GCC_WARN_UNDECLARED_SELECTOR = YES;
				GCC_WARN_UNINITIALIZED_AUTOS = YES_AGGRESSIVE;
				GCC_WARN_UNUSED_FUNCTION = YES;
				GCC_WARN_UNUSED_VARIABLE = YES;
				IPHONEOS_DEPLOYMENT_TARGET = 8.4;
				MTL_ENABLE_DEBUG_INFO = YES;
				ONLY_ACTIVE_ARCH = YES;
				SDKROOT = iphoneos;
			};
			name = Debug;
		};
		7FB124FD1C15674200D22D6E /* Release */ = {
			isa = XCBuildConfiguration;
			buildSettings = {
				ALWAYS_SEARCH_USER_PATHS = NO;
				CLANG_CXX_LANGUAGE_STANDARD = "gnu++0x";
				CLANG_CXX_LIBRARY = "libc++";
				CLANG_ENABLE_MODULES = YES;
				CLANG_ENABLE_OBJC_ARC = YES;
				CLANG_WARN_BOOL_CONVERSION = YES;
				CLANG_WARN_CONSTANT_CONVERSION = YES;
				CLANG_WARN_DIRECT_OBJC_ISA_USAGE = YES_ERROR;
				CLANG_WARN_EMPTY_BODY = YES;
				CLANG_WARN_ENUM_CONVERSION = YES;
				CLANG_WARN_INT_CONVERSION = YES;
				CLANG_WARN_OBJC_ROOT_CLASS = YES_ERROR;
				CLANG_WARN_UNREACHABLE_CODE = YES;
				CLANG_WARN__DUPLICATE_METHOD_MATCH = YES;
				"CODE_SIGN_IDENTITY[sdk=iphoneos*]" = "iPhone Developer";
				COPY_PHASE_STRIP = NO;
				DEBUG_INFORMATION_FORMAT = "dwarf-with-dsym";
				ENABLE_NS_ASSERTIONS = NO;
				ENABLE_STRICT_OBJC_MSGSEND = YES;
				GCC_C_LANGUAGE_STANDARD = gnu99;
				GCC_NO_COMMON_BLOCKS = YES;
				GCC_WARN_64_TO_32_BIT_CONVERSION = YES;
				GCC_WARN_ABOUT_RETURN_TYPE = YES_ERROR;
				GCC_WARN_UNDECLARED_SELECTOR = YES;
				GCC_WARN_UNINITIALIZED_AUTOS = YES_AGGRESSIVE;
				GCC_WARN_UNUSED_FUNCTION = YES;
				GCC_WARN_UNUSED_VARIABLE = YES;
				IPHONEOS_DEPLOYMENT_TARGET = 8.4;
				MTL_ENABLE_DEBUG_INFO = NO;
				SDKROOT = iphoneos;
				VALIDATE_PRODUCT = YES;
			};
			name = Release;
		};
		7FB124FF1C15674200D22D6E /* Debug */ = {
			isa = XCBuildConfiguration;
			buildSettings = {
				ASSETCATALOG_COMPILER_APPICON_NAME = AppIcon;
				INFOPLIST_FILE = JianshuMyPage/Info.plist;
				LD_RUNPATH_SEARCH_PATHS = "$(inherited) @executable_path/Frameworks";
				PRODUCT_NAME = "$(TARGET_NAME)";
			};
			name = Debug;
		};
		7FB125001C15674200D22D6E /* Release */ = {
			isa = XCBuildConfiguration;
			buildSettings = {
				ASSETCATALOG_COMPILER_APPICON_NAME = AppIcon;
				INFOPLIST_FILE = JianshuMyPage/Info.plist;
				LD_RUNPATH_SEARCH_PATHS = "$(inherited) @executable_path/Frameworks";
				PRODUCT_NAME = "$(TARGET_NAME)";
			};
			name = Release;
		};
		7FB125021C15674200D22D6E /* Debug */ = {
			isa = XCBuildConfiguration;
			buildSettings = {
				BUNDLE_LOADER = "$(TEST_HOST)";
				FRAMEWORK_SEARCH_PATHS = (
					"$(SDKROOT)/Developer/Library/Frameworks",
					"$(inherited)",
				);
				GCC_PREPROCESSOR_DEFINITIONS = (
					"DEBUG=1",
					"$(inherited)",
				);
				INFOPLIST_FILE = JianshuMyPageTests/Info.plist;
				LD_RUNPATH_SEARCH_PATHS = "$(inherited) @executable_path/Frameworks @loader_path/Frameworks";
				PRODUCT_NAME = "$(TARGET_NAME)";
				TEST_HOST = "$(BUILT_PRODUCTS_DIR)/JianshuMyPage.app/JianshuMyPage";
			};
			name = Debug;
		};
		7FB125031C15674200D22D6E /* Release */ = {
			isa = XCBuildConfiguration;
			buildSettings = {
				BUNDLE_LOADER = "$(TEST_HOST)";
				FRAMEWORK_SEARCH_PATHS = (
					"$(SDKROOT)/Developer/Library/Frameworks",
					"$(inherited)",
				);
				INFOPLIST_FILE = JianshuMyPageTests/Info.plist;
				LD_RUNPATH_SEARCH_PATHS = "$(inherited) @executable_path/Frameworks @loader_path/Frameworks";
				PRODUCT_NAME = "$(TARGET_NAME)";
				TEST_HOST = "$(BUILT_PRODUCTS_DIR)/JianshuMyPage.app/JianshuMyPage";
			};
			name = Release;
		};
/* End XCBuildConfiguration section */

/* Begin XCConfigurationList section */
		7FB124D61C15674200D22D6E /* Build configuration list for PBXProject "JianshuMyPage" */ = {
			isa = XCConfigurationList;
			buildConfigurations = (
				7FB124FC1C15674200D22D6E /* Debug */,
				7FB124FD1C15674200D22D6E /* Release */,
			);
			defaultConfigurationIsVisible = 0;
			defaultConfigurationName = Release;
		};
		7FB124FE1C15674200D22D6E /* Build configuration list for PBXNativeTarget "JianshuMyPage" */ = {
			isa = XCConfigurationList;
			buildConfigurations = (
				7FB124FF1C15674200D22D6E /* Debug */,
				7FB125001C15674200D22D6E /* Release */,
			);
			defaultConfigurationIsVisible = 0;
		};
		7FB125011C15674200D22D6E /* Build configuration list for PBXNativeTarget "JianshuMyPageTests" */ = {
			isa = XCConfigurationList;
			buildConfigurations = (
				7FB125021C15674200D22D6E /* Debug */,
				7FB125031C15674200D22D6E /* Release */,
			);
			defaultConfigurationIsVisible = 0;
		};
/* End XCConfigurationList section */
	};
	rootObject = 7FB124D31C15674200D22D6E /* Project object */;
}
